
Microsoft Visual Studio Solution File, Format Version 12.00
# Visual Studio 15
Project("{FAE04EC0-301F-11D3-BF4B-00C04F79EFBC}") = "Server", "Server\Server.csproj", "{92DA6904-3DA6-4511-9421-46B1F72AED1A}"
EndProject
Project("{FAE04EC0-301F-11D3-BF4B-00C04F79EFBC}") = "ServerMono", "ServerMono\ServerMono.csproj", "{FD40FAB4-16D9-4AD9-85A9-6058D9B36FF8}"
EndProject
Project("{FAE04EC0-301F-11D3-BF4B-00C04F79EFBC}") = "Client", "Client\Client.csproj", "{541B5A63-4C75-49B1-B7FB-D438FD837E55}"
EndProject
Project("{FAE04EC0-301F-11D3-BF4B-00C04F79EFBC}") = "Savestates_Client_Test", "Savestates_Client_Test\Savestates_Client_Test.csproj", "{64235767-B004-47E9-A45C-94EA03EA7AA2}"
EndProject
Global
	GlobalSection(SolutionConfigurationPlatforms) = preSolution
		Debug|Any CPU = Debug|Any CPU
		Release|Any CPU = Release|Any CPU
	EndGlobalSection
	GlobalSection(ProjectConfigurationPlatforms) = postSolution
		{92DA6904-3DA6-4511-9421-46B1F72AED1A}.Debug|Any CPU.ActiveCfg = Debug|Any CPU
		{92DA6904-3DA6-4511-9421-46B1F72AED1A}.Debug|Any CPU.Build.0 = Debug|Any CPU
		{92DA6904-3DA6-4511-9421-46B1F72AED1A}.Release|Any CPU.ActiveCfg = Release|Any CPU
		{92DA6904-3DA6-4511-9421-46B1F72AED1A}.Release|Any CPU.Build.0 = Release|Any CPU
		{FD40FAB4-16D9-4AD9-85A9-6058D9B36FF8}.Debug|Any CPU.ActiveCfg = Debug|Any CPU
		{FD40FAB4-16D9-4AD9-85A9-6058D9B36FF8}.Debug|Any CPU.Build.0 = Debug|Any CPU
		{FD40FAB4-16D9-4AD9-85A9-6058D9B36FF8}.Release|Any CPU.ActiveCfg = Release|Any CPU
		{FD40FAB4-16D9-4AD9-85A9-6058D9B36FF8}.Release|Any CPU.Build.0 = Release|Any CPU
		{541B5A63-4C75-49B1-B7FB-D438FD837E55}.Debug|Any CPU.ActiveCfg = Debug|Any CPU
		{541B5A63-4C75-49B1-B7FB-D438FD837E55}.Debug|Any CPU.Build.0 = Debug|Any CPU
		{541B5A63-4C75-49B1-B7FB-D438FD837E55}.Release|Any CPU.ActiveCfg = Release|Any CPU
		{541B5A63-4C75-49B1-B7FB-D438FD837E55}.Release|Any CPU.Build.0 = Release|Any CPU
		{64235767-B004-47E9-A45C-94EA03EA7AA2}.Debug|Any CPU.ActiveCfg = Debug|Any CPU
		{64235767-B004-47E9-A45C-94EA03EA7AA2}.Debug|Any CPU.Build.0 = Debug|Any CPU
		{64235767-B004-47E9-A45C-94EA03EA7AA2}.Release|Any CPU.ActiveCfg = Release|Any CPU
		{64235767-B004-47E9-A45C-94EA03EA7AA2}.Release|Any CPU.Build.0 = Release|Any CPU
	EndGlobalSection
EndGlobal
